
Microsoft Visual Studio Solution File, Format Version 12.00
# Visual Studio Version 17
VisualStudioVersion = 17.0.31919.166
MinimumVisualStudioVersion = 10.0.40219.1
Project("{9A19103F-16F7-4668-BE54-9A1E7A4F7556}") = "EduArticles.Models", "EduArticles.Models\EduArticles.Models.csproj", "{593A0992-98AB-4425-B3F4-F1EAF0566091}"
EndProject
Project("{9A19103F-16F7-4668-BE54-9A1E7A4F7556}") = "EduArticles.BusinessLogic", "EduArticles.BusinessLogic\EduArticles.BusinessLogic.csproj", "{AE79B427-D80B-4636-BE38-9F3BE3FA1BA3}"
EndProject
Project("{9A19103F-16F7-4668-BE54-9A1E7A4F7556}") = "EduArticles.UI", "EduArticles.UI\EduArticles.UI.csproj", "{8FEF078C-D0AE-4BE8-9C59-CCF365744A65}"
EndProject
Project("{9A19103F-16F7-4668-BE54-9A1E7A4F7556}") = "EduArticles.DB", "EduArticles.DB\EduArticles.DB.csproj", "{77239154-0764-4674-A053-50CE7C3D564E}"
EndProject
Global
	GlobalSection(SolutionConfigurationPlatforms) = preSolution
		Debug|Any CPU = Debug|Any CPU
		Release|Any CPU = Release|Any CPU
	EndGlobalSection
	GlobalSection(ProjectConfigurationPlatforms) = postSolution
		{593A0992-98AB-4425-B3F4-F1EAF0566091}.Debug|Any CPU.ActiveCfg = Debug|Any CPU
		{593A0992-98AB-4425-B3F4-F1EAF0566091}.Debug|Any CPU.Build.0 = Debug|Any CPU
		{593A0992-98AB-4425-B3F4-F1EAF0566091}.Release|Any CPU.ActiveCfg = Release|Any CPU
		{593A0992-98AB-4425-B3F4-F1EAF0566091}.Release|Any CPU.Build.0 = Release|Any CPU
		{AE79B427-D80B-4636-BE38-9F3BE3FA1BA3}.Debug|Any CPU.ActiveCfg = Debug|Any CPU
		{AE79B427-D80B-4636-BE38-9F3BE3FA1BA3}.Debug|Any CPU.Build.0 = Debug|Any CPU
		{AE79B427-D80B-4636-BE38-9F3BE3FA1BA3}.Release|Any CPU.ActiveCfg = Release|Any CPU
		{AE79B427-D80B-4636-BE38-9F3BE3FA1BA3}.Release|Any CPU.Build.0 = Release|Any CPU
		{8FEF078C-D0AE-4BE8-9C59-CCF365744A65}.Debug|Any CPU.ActiveCfg = Debug|Any CPU
		{8FEF078C-D0AE-4BE8-9C59-CCF365744A65}.Debug|Any CPU.Build.0 = Debug|Any CPU
		{8FEF078C-D0AE-4BE8-9C59-CCF365744A65}.Release|Any CPU.ActiveCfg = Release|Any CPU
		{8FEF078C-D0AE-4BE8-9C59-CCF365744A65}.Release|Any CPU.Build.0 = Release|Any CPU
		{77239154-0764-4674-A053-50CE7C3D564E}.Debug|Any CPU.ActiveCfg = Debug|Any CPU
		{77239154-0764-4674-A053-50CE7C3D564E}.Debug|Any CPU.Build.0 = Debug|Any CPU
		{77239154-0764-4674-A053-50CE7C3D564E}.Release|Any CPU.ActiveCfg = Release|Any CPU
		{77239154-0764-4674-A053-50CE7C3D564E}.Release|Any CPU.Build.0 = Release|Any CPU
	EndGlobalSection
	GlobalSection(SolutionProperties) = preSolution
		HideSolutionNode = FALSE
	EndGlobalSection
	GlobalSection(ExtensibilityGlobals) = postSolution
		SolutionGuid = {9C69A36E-E8D4-4A19-88C6-423B23D799B6}
	EndGlobalSection
EndGlobal
